# This file was autogenerated by Stack.
# You should not edit this file by hand.
# For more information, please see the documentation at:
#   https://docs.haskellstack.org/en/stable/lock_files

packages:
- completed:
    hackage: mpi-hs-binary-0.1.1.0@sha256:0e17011c2ec371f638a7b5786f81d4f9679301d1c72291af66ed35a0326ad607,4021
    pantry-tree:
      size: 670
      sha256: c5032adac03c7d53976bf18d211b8f8d2c96247ff86f509ce1aab43fc1fdeea2
  original:
    hackage: mpi-hs-binary-0.1.1.0@sha256:0e17011c2ec371f638a7b5786f81d4f9679301d1c72291af66ed35a0326ad607,4021
snapshots:
- completed:
    size: 513207
    url: https://raw.githubusercontent.com/commercialhaskell/stackage-snapshots/master/nightly/2020/4/18.yaml
    sha256: 4a5cabc1856fdcb16da22374500213ccb850d608eadbe8130ff66de4614a66ff
  original: nightly-2020-04-18
